{
  "originHash" : "88e552a868ed9f16385c8cb36a49c764eebd65828e28adbe7605b2c0de040384",
  "pins" : [
    {
      "identity" : "fluidaudio",
      "kind" : "remoteSourceControl",
      "location" : "https://github.com/FluidInference/FluidAudio.git",
      "state" : {
        "revision" : "82a17b90d2b54c82b4562b776b0b61fb0ff964fe",
        "version" : "0.8.2"
      }
    }
  ],
  "version" : 3
}
